// !$*UTF8*$!
{
	archiveVersion = 1;
	classes = {
	};
	objectVersion = 56;
	objects = {

/* Begin PBXBuildFile section */
		2E8165DD29BB7F6500681A83 /* AP_CompSci_FinalApp.swift in Sources */ = {isa = PBXBuildFile; fileRef = 2E8165DC29BB7F6500681A83 /* AP_CompSci_FinalApp.swift */; };
		2E8165DF29BB7F6500681A83 /* ContentView.swift in Sources */ = {isa = PBXBuildFile; fileRef = 2E8165DE29BB7F6500681A83 /* ContentView.swift */; };
		2E8165E129BB7F6700681A83 /* Assets.xcassets in Resources */ = {isa = PBXBuildFile; fileRef = 2E8165E029BB7F6700681A83 /* Assets.xcassets */; };
		2E8165E429BB7F6700681A83 /* Preview Assets.xcassets in Resources */ = {isa = PBXBuildFile; fileRef = 2E8165E329BB7F6700681A83 /* Preview Assets.xcassets */; };
		2E8165EE29BB7F6800681A83 /* AP_CompSci_FinalTests.swift in Sources */ = {isa = PBXBuildFile; fileRef = 2E8165ED29BB7F6800681A83 /* AP_CompSci_FinalTests.swift */; };
		2E8165F829BB7F6800681A83 /* AP_CompSci_FinalUITests.swift in Sources */ = {isa = PBXBuildFile; fileRef = 2E8165F729BB7F6800681A83 /* AP_CompSci_FinalUITests.swift */; };
		2E8165FA29BB7F6800681A83 /* AP_CompSci_FinalUITestsLaunchTests.swift in Sources */ = {isa = PBXBuildFile; fileRef = 2E8165F929BB7F6800681A83 /* AP_CompSci_FinalUITestsLaunchTests.swift */; };
/* End PBXBuildFile section */

/* Begin PBXContainerItemProxy section */
		2E8165EA29BB7F6800681A83 /* PBXContainerItemProxy */ = {
			isa = PBXContainerItemProxy;
			containerPortal = 2E8165D129BB7F6500681A83 /* Project object */;
			proxyType = 1;
			remoteGlobalIDString = 2E8165D829BB7F6500681A83;
			remoteInfo = "AP CompSci Final";
		};
		2E8165F429BB7F6800681A83 /* PBXContainerItemProxy */ = {
			isa = PBXContainerItemProxy;
			containerPortal = 2E8165D129BB7F6500681A83 /* Project object */;
			proxyType = 1;
			remoteGlobalIDString = 2E8165D829BB7F6500681A83;
			remoteInfo = "AP CompSci Final";
		};
/* End PBXContainerItemProxy section */

/* Begin PBXFileReference section */
		2E8165D929BB7F6500681A83 /* AP CompSci Final.app */ = {isa = PBXFileReference; explicitFileType = wrapper.application; includeInIndex = 0; path = "AP CompSci Final.app"; sourceTree = BUILT_PRODUCTS_DIR; };
		2E8165DC29BB7F6500681A83 /* AP_CompSci_FinalApp.swift */ = {isa = PBXFileReference; lastKnownFileType = sourcecode.swift; path = AP_CompSci_FinalApp.swift; sourceTree = "<group>"; };
		2E8165DE29BB7F6500681A83 /* ContentView.swift */ = {isa = PBXFileReference; lastKnownFileType = sourcecode.swift; path = ContentView.swift; sourceTree = "<group>"; };
		2E8165E029BB7F6700681A83 /* Assets.xcassets */ = {isa = PBXFileReference; lastKnownFileType = folder.assetcatalog; path = Assets.xcassets; sourceTree = "<group>"; };
		2E8165E329BB7F6700681A83 /* Preview Assets.xcassets */ = {isa = PBXFileReference; lastKnownFileType = folder.assetcatalog; path = "Preview Assets.xcassets"; sourceTree = "<group>"; };
		2E8165E929BB7F6800681A83 /* AP CompSci FinalTests.xctest */ = {isa = PBXFileReference; explicitFileType = wrapper.cfbundle; includeInIndex = 0; path = "AP CompSci FinalTests.xctest"; sourceTree = BUILT_PRODUCTS_DIR; };
		2E8165ED29BB7F6800681A83 /* AP_CompSci_FinalTests.swift */ = {isa = PBXFileReference; lastKnownFileType = sourcecode.swift; path = AP_CompSci_FinalTests.swift; sourceTree = "<group>"; };
		2E8165F329BB7F6800681A83 /* AP CompSci FinalUITests.xctest */ = {isa = PBXFileReference; explicitFileType = wrapper.cfbundle; includeInIndex = 0; path = "AP CompSci FinalUITests.xctest"; sourceTree = BUILT_PRODUCTS_DIR; };
		2E8165F729BB7F6800681A83 /* AP_CompSci_FinalUITests.swift */ = {isa = PBXFileReference; lastKnownFileType = sourcecode.swift; path = AP_CompSci_FinalUITests.swift; sourceTree = "<group>"; };
		2E8165F929BB7F6800681A83 /* AP_CompSci_FinalUITestsLaunchTests.swift */ = {isa = PBXFileReference; lastKnownFileType = sourcecode.swift; path = AP_CompSci_FinalUITestsLaunchTests.swift; sourceTree = "<group>"; };
/* End PBXFileReference section */

/* Begin PBXFrameworksBuildPhase section */
		2E8165D629BB7F6500681A83 /* Frameworks */ = {
			isa = PBXFrameworksBuildPhase;
			buildActionMask = 2147483647;
			files = (
			);
			runOnlyForDeploymentPostprocessing = 0;
		};
		2E8165E629BB7F6800681A83 /* Frameworks */ = {
			isa = PBXFrameworksBuildPhase;
			buildActionMask = 2147483647;
			files = (
			);
			runOnlyForDeploymentPostprocessing = 0;
		};
		2E8165F029BB7F6800681A83 /* Frameworks */ = {
			isa = PBXFrameworksBuildPhase;
			buildActionMask = 2147483647;
			files = (
			);
			runOnlyForDeploymentPostprocessing = 0;
		};
/* End PBXFrameworksBuildPhase section */

/* Begin PBXGroup section */
		2E8165D029BB7F6500681A83 = {
			isa = PBXGroup;
			children = (
				2E8165DB29BB7F6500681A83 /* AP CompSci Final */,
				2E8165EC29BB7F6800681A83 /* AP CompSci FinalTests */,
				2E8165F629BB7F6800681A83 /* AP CompSci FinalUITests */,
				2E8165DA29BB7F6500681A83 /* Products */,
			);
			sourceTree = "<group>";
		};
		2E8165DA29BB7F6500681A83 /* Products */ = {
			isa = PBXGroup;
			children = (
				2E8165D929BB7F6500681A83 /* AP CompSci Final.app */,
				2E8165E929BB7F6800681A83 /* AP CompSci FinalTests.xctest */,
				2E8165F329BB7F6800681A83 /* AP CompSci FinalUITests.xctest */,
			);
			name = Products;
			sourceTree = "<group>";
		};
		2E8165DB29BB7F6500681A83 /* AP CompSci Final */ = {
			isa = PBXGroup;
			children = (
				2E8165DC29BB7F6500681A83 /* AP_CompSci_FinalApp.swift */,
				2E8165DE29BB7F6500681A83 /* ContentView.swift */,
				2E8165E029BB7F6700681A83 /* Assets.xcassets */,
				2E8165E229BB7F6700681A83 /* Preview Content */,
			);
			path = "AP CompSci Final";
			sourceTree = "<group>";
		};
		2E8165E229BB7F6700681A83 /* Preview Content */ = {
			isa = PBXGroup;
			children = (
				2E8165E329BB7F6700681A83 /* Preview Assets.xcassets */,
			);
			path = "Preview Content";
			sourceTree = "<group>";
		};
		2E8165EC29BB7F6800681A83 /* AP CompSci FinalTests */ = {
			isa = PBXGroup;
			children = (
				2E8165ED29BB7F6800681A83 /* AP_CompSci_FinalTests.swift */,
			);
			path = "AP CompSci FinalTests";
			sourceTree = "<group>";
		};
		2E8165F629BB7F6800681A83 /* AP CompSci FinalUITests */ = {
			isa = PBXGroup;
			children = (
				2E8165F729BB7F6800681A83 /* AP_CompSci_FinalUITests.swift */,
				2E8165F929BB7F6800681A83 /* AP_CompSci_FinalUITestsLaunchTests.swift */,
			);
			path = "AP CompSci FinalUITests";
			sourceTree = "<group>";
		};
/* End PBXGroup section */

/* Begin PBXNativeTarget section */
		2E8165D829BB7F6500681A83 /* AP CompSci Final */ = {
			isa = PBXNativeTarget;
			buildConfigurationList = 2E8165FD29BB7F6800681A83 /* Build configuration list for PBXNativeTarget "AP CompSci Final" */;
			buildPhases = (
				2E8165D529BB7F6500681A83 /* Sources */,
				2E8165D629BB7F6500681A83 /* Frameworks */,
				2E8165D729BB7F6500681A83 /* Resources */,
			);
			buildRules = (
			);
			dependencies = (
			);
			name = "AP CompSci Final";
			productName = "AP CompSci Final";
			productReference = 2E8165D929BB7F6500681A83 /* AP CompSci Final.app */;
			productType = "com.apple.product-type.application";
		};
		2E8165E829BB7F6800681A83 /* AP CompSci FinalTests */ = {
			isa = PBXNativeTarget;
			buildConfigurationList = 2E81660029BB7F6800681A83 /* Build configuration list for PBXNativeTarget "AP CompSci FinalTests" */;
			buildPhases = (
				2E8165E529BB7F6800681A83 /* Sources */,
				2E8165E629BB7F6800681A83 /* Frameworks */,
				2E8165E729BB7F6800681A83 /* Resources */,
			);
			buildRules = (
			);
			dependencies = (
				2E8165EB29BB7F6800681A83 /* PBXTargetDependency */,
			);
			name = "AP CompSci FinalTests";
			productName = "AP CompSci FinalTests";
			productReference = 2E8165E929BB7F6800681A83 /* AP CompSci FinalTests.xctest */;
			productType = "com.apple.product-type.bundle.unit-test";
		};
		2E8165F229BB7F6800681A83 /* AP CompSci FinalUITests */ = {
			isa = PBXNativeTarget;
			buildConfigurationList = 2E81660329BB7F6800681A83 /* Build configuration list for PBXNativeTarget "AP CompSci FinalUITests" */;
			buildPhases = (
				2E8165EF29BB7F6800681A83 /* Sources */,
				2E8165F029BB7F6800681A83 /* Frameworks */,
				2E8165F129BB7F6800681A83 /* Resources */,
			);
			buildRules = (
			);
			dependencies = (
				2E8165F529BB7F6800681A83 /* PBXTargetDependency */,
			);
			name = "AP CompSci FinalUITests";
			productName = "AP CompSci FinalUITests";
			productReference = 2E8165F329BB7F6800681A83 /* AP CompSci FinalUITests.xctest */;
			productType = "com.apple.product-type.bundle.ui-testing";
		};
/* End PBXNativeTarget section */

/* Begin PBXProject section */
		2E8165D129BB7F6500681A83 /* Project object */ = {
			isa = PBXProject;
			attributes = {
				BuildIndependentTargetsInParallel = 1;
				LastSwiftUpdateCheck = 1410;
				LastUpgradeCheck = 1410;
				TargetAttributes = {
					2E8165D829BB7F6500681A83 = {
						CreatedOnToolsVersion = 14.1;
					};
					2E8165E829BB7F6800681A83 = {
						CreatedOnToolsVersion = 14.1;
						TestTargetID = 2E8165D829BB7F6500681A83;
					};
					2E8165F229BB7F6800681A83 = {
						CreatedOnToolsVersion = 14.1;
						TestTargetID = 2E8165D829BB7F6500681A83;
					};
				};
			};
			buildConfigurationList = 2E8165D429BB7F6500681A83 /* Build configuration list for PBXProject "AP CompSci Final" */;
			compatibilityVersion = "Xcode 14.0";
			developmentRegion = en;
			hasScannedForEncodings = 0;
			knownRegions = (
				en,
				Base,
			);
			mainGroup = 2E8165D029BB7F6500681A83;
			productRefGroup = 2E8165DA29BB7F6500681A83 /* Products */;
			projectDirPath = "";
			projectRoot = "";
			targets = (
				2E8165D829BB7F6500681A83 /* AP CompSci Final */,
				2E8165E829BB7F6800681A83 /* AP CompSci FinalTests */,
				2E8165F229BB7F6800681A83 /* AP CompSci FinalUITests */,
			);
		};
/* End PBXProject section */

/* Begin PBXResourcesBuildPhase section */
		2E8165D729BB7F6500681A83 /* Resources */ = {
			isa = PBXResourcesBuildPhase;
			buildActionMask = 2147483647;
			files = (
				2E8165E429BB7F6700681A83 /* Preview Assets.xcassets in Resources */,
				2E8165E129BB7F6700681A83 /* Assets.xcassets in Resources */,
			);
			runOnlyForDeploymentPostprocessing = 0;
		};
		2E8165E729BB7F6800681A83 /* Resources */ = {
			isa = PBXResourcesBuildPhase;
			buildActionMask = 2147483647;
			files = (
			);
			runOnlyForDeploymentPostprocessing = 0;
		};
		2E8165F129BB7F6800681A83 /* Resources */ = {
			isa = PBXResourcesBuildPhase;
			buildActionMask = 2147483647;
			files = (
			);
			runOnlyForDeploymentPostprocessing = 0;
		};
/* End PBXResourcesBuildPhase section */

/* Begin PBXSourcesBuildPhase section */
		2E8165D529BB7F6500681A83 /* Sources */ = {
			isa = PBXSourcesBuildPhase;
			buildActionMask = 2147483647;
			files = (
				2E8165DF29BB7F6500681A83 /* ContentView.swift in Sources */,
				2E8165DD29BB7F6500681A83 /* AP_CompSci_FinalApp.swift in Sources */,
			);
			runOnlyForDeploymentPostprocessing = 0;
		};
		2E8165E529BB7F6800681A83 /* Sources */ = {
			isa = PBXSourcesBuildPhase;
			buildActionMask = 2147483647;
			files = (
				2E8165EE29BB7F6800681A83 /* AP_CompSci_FinalTests.swift in Sources */,
			);
			runOnlyForDeploymentPostprocessing = 0;
		};
		2E8165EF29BB7F6800681A83 /* Sources */ = {
			isa = PBXSourcesBuildPhase;
			buildActionMask = 2147483647;
			files = (
				2E8165F829BB7F6800681A83 /* AP_CompSci_FinalUITests.swift in Sources */,
				2E8165FA29BB7F6800681A83 /* AP_CompSci_FinalUITestsLaunchTests.swift in Sources */,
			);
			runOnlyForDeploymentPostprocessing = 0;
		};
/* End PBXSourcesBuildPhase section */

/* Begin PBXTargetDependency section */
		2E8165EB29BB7F6800681A83 /* PBXTargetDependency */ = {
			isa = PBXTargetDependency;
			target = 2E8165D829BB7F6500681A83 /* AP CompSci Final */;
			targetProxy = 2E8165EA29BB7F6800681A83 /* PBXContainerItemProxy */;
		};
		2E8165F529BB7F6800681A83 /* PBXTargetDependency */ = {
			isa = PBXTargetDependency;
			target = 2E8165D829BB7F6500681A83 /* AP CompSci Final */;
			targetProxy = 2E8165F429BB7F6800681A83 /* PBXContainerItemProxy */;
		};
/* End PBXTargetDependency section */

/* Begin XCBuildConfiguration section */
		2E8165FB29BB7F6800681A83 /* Debug */ = {
			isa = XCBuildConfiguration;
			buildSettings = {
				ALWAYS_SEARCH_USER_PATHS = NO;
				CLANG_ANALYZER_NONNULL = YES;
				CLANG_ANALYZER_NUMBER_OBJECT_CONVERSION = YES_AGGRESSIVE;
				CLANG_CXX_LANGUAGE_STANDARD = "gnu++20";
				CLANG_ENABLE_MODULES = YES;
				CLANG_ENABLE_OBJC_ARC = YES;
				CLANG_ENABLE_OBJC_WEAK = YES;
				CLANG_WARN_BLOCK_CAPTURE_AUTORELEASING = YES;
				CLANG_WARN_BOOL_CONVERSION = YES;
				CLANG_WARN_COMMA = YES;
				CLANG_WARN_CONSTANT_CONVERSION = YES;
				CLANG_WARN_DEPRECATED_OBJC_IMPLEMENTATIONS = YES;
				CLANG_WARN_DIRECT_OBJC_ISA_USAGE = YES_ERROR;
				CLANG_WARN_DOCUMENTATION_COMMENTS = YES;
				CLANG_WARN_EMPTY_BODY = YES;
				CLANG_WARN_ENUM_CONVERSION = YES;
				CLANG_WARN_INFINITE_RECURSION = YES;
				CLANG_WARN_INT_CONVERSION = YES;
				CLANG_WARN_NON_LITERAL_NULL_CONVERSION = YES;
				CLANG_WARN_OBJC_IMPLICIT_RETAIN_SELF = YES;
				CLANG_WARN_OBJC_LITERAL_CONVERSION = YES;
				CLANG_WARN_OBJC_ROOT_CLASS = YES_ERROR;
				CLANG_WARN_QUOTED_INCLUDE_IN_FRAMEWORK_HEADER = YES;
				CLANG_WARN_RANGE_LOOP_ANALYSIS = YES;
				CLANG_WARN_STRICT_PROTOTYPES = YES;
				CLANG_WARN_SUSPICIOUS_MOVE = YES;
				CLANG_WARN_UNGUARDED_AVAILABILITY = YES_AGGRESSIVE;
				CLANG_WARN_UNREACHABLE_CODE = YES;
				CLANG_WARN__DUPLICATE_METHOD_MATCH = YES;
				COPY_PHASE_STRIP = NO;
				DEBUG_INFORMATION_FORMAT = dwarf;
				ENABLE_STRICT_OBJC_MSGSEND = YES;
				ENABLE_TESTABILITY = YES;
				GCC_C_LANGUAGE_STANDARD = gnu11;
				GCC_DYNAMIC_NO_PIC = NO;
				GCC_NO_COMMON_BLOCKS = YES;
				GCC_OPTIMIZATION_LEVEL = 0;
				GCC_PREPROCESSOR_DEFINITIONS = (
					"DEBUG=1",
					"$(inherited)",
				);
				GCC_WARN_64_TO_32_BIT_CONVERSION = YES;
				GCC_WARN_ABOUT_RETURN_TYPE = YES_ERROR;
				GCC_WARN_UNDECLARED_SELECTOR = YES;
				GCC_WARN_UNINITIALIZED_AUTOS = YES_AGGRESSIVE;
				GCC_WARN_UNUSED_FUNCTION = YES;
				GCC_WARN_UNUSED_VARIABLE = YES;
				IPHONEOS_DEPLOYMENT_TARGET = 16.1;
				MTL_ENABLE_DEBUG_INFO = INCLUDE_SOURCE;
				MTL_FAST_MATH = YES;
				ONLY_ACTIVE_ARCH = YES;
				SDKROOT = iphoneos;
				SWIFT_ACTIVE_COMPILATION_CONDITIONS = DEBUG;
				SWIFT_OPTIMIZATION_LEVEL = "-Onone";
			};
			name = Debug;
		};
		2E8165FC29BB7F6800681A83 /* Release */ = {
			isa = XCBuildConfiguration;
			buildSettings = {
				ALWAYS_SEARCH_USER_PATHS = NO;
				CLANG_ANALYZER_NONNULL = YES;
				CLANG_ANALYZER_NUMBER_OBJECT_CONVERSION = YES_AGGRESSIVE;
				CLANG_CXX_LANGUAGE_STANDARD = "gnu++20";
				CLANG_ENABLE_MODULES = YES;
				CLANG_ENABLE_OBJC_ARC = YES;
				CLANG_ENABLE_OBJC_WEAK = YES;
				CLANG_WARN_BLOCK_CAPTURE_AUTORELEASING = YES;
				CLANG_WARN_BOOL_CONVERSION = YES;
				CLANG_WARN_COMMA = YES;
				CLANG_WARN_CONSTANT_CONVERSION = YES;
				CLANG_WARN_DEPRECATED_OBJC_IMPLEMENTATIONS = YES;
				CLANG_WARN_DIRECT_OBJC_ISA_USAGE = YES_ERROR;
				CLANG_WARN_DOCUMENTATION_COMMENTS = YES;
				CLANG_WARN_EMPTY_BODY = YES;
				CLANG_WARN_ENUM_CONVERSION = YES;
				CLANG_WARN_INFINITE_RECURSION = YES;
				CLANG_WARN_INT_CONVERSION = YES;
				CLANG_WARN_NON_LITERAL_NULL_CONVERSION = YES;
				CLANG_WARN_OBJC_IMPLICIT_RETAIN_SELF = YES;
				CLANG_WARN_OBJC_LITERAL_CONVERSION = YES;
				CLANG_WARN_OBJC_ROOT_CLASS = YES_ERROR;
				CLANG_WARN_QUOTED_INCLUDE_IN_FRAMEWORK_HEADER = YES;
				CLANG_WARN_RANGE_LOOP_ANALYSIS = YES;
				CLANG_WARN_STRICT_PROTOTYPES = YES;
				CLANG_WARN_SUSPICIOUS_MOVE = YES;
				CLANG_WARN_UNGUARDED_AVAILABILITY = YES_AGGRESSIVE;
				CLANG_WARN_UNREACHABLE_CODE = YES;
				CLANG_WARN__DUPLICATE_METHOD_MATCH = YES;
				COPY_PHASE_STRIP = NO;
				DEBUG_INFORMATION_FORMAT = "dwarf-with-dsym";
				ENABLE_NS_ASSERTIONS = NO;
				ENABLE_STRICT_OBJC_MSGSEND = YES;
				GCC_C_LANGUAGE_STANDARD = gnu11;
				GCC_NO_COMMON_BLOCKS = YES;
				GCC_WARN_64_TO_32_BIT_CONVERSION = YES;
				GCC_WARN_ABOUT_RETURN_TYPE = YES_ERROR;
				GCC_WARN_UNDECLARED_SELECTOR = YES;
				GCC_WARN_UNINITIALIZED_AUTOS = YES_AGGRESSIVE;
				GCC_WARN_UNUSED_FUNCTION = YES;
				GCC_WARN_UNUSED_VARIABLE = YES;
				IPHONEOS_DEPLOYMENT_TARGET = 16.1;
				MTL_ENABLE_DEBUG_INFO = NO;
				MTL_FAST_MATH = YES;
				SDKROOT = iphoneos;
				SWIFT_COMPILATION_MODE = wholemodule;
				SWIFT_OPTIMIZATION_LEVEL = "-O";
				VALIDATE_PRODUCT = YES;
			};
			name = Release;
		};
		2E8165FE29BB7F6800681A83 /* Debug */ = {
			isa = XCBuildConfiguration;
			buildSettings = {
				ASSETCATALOG_COMPILER_APPICON_NAME = AppIcon;
				ASSETCATALOG_COMPILER_GLOBAL_ACCENT_COLOR_NAME = AccentColor;
				CODE_SIGN_STYLE = Automatic;
				CURRENT_PROJECT_VERSION = 1;
				DEVELOPMENT_ASSET_PATHS = "\"AP CompSci Final/Preview Content\"";
				ENABLE_PREVIEWS = YES;
				GENERATE_INFOPLIST_FILE = YES;
				INFOPLIST_KEY_UIApplicationSceneManifest_Generation = YES;
				INFOPLIST_KEY_UIApplicationSupportsIndirectInputEvents = YES;
				INFOPLIST_KEY_UILaunchScreen_Generation = YES;
				INFOPLIST_KEY_UISupportedInterfaceOrientations_iPad = "UIInterfaceOrientationPortrait UIInterfaceOrientationPortraitUpsideDown UIInterfaceOrientationLandscapeLeft UIInterfaceOrientationLandscapeRight";
				INFOPLIST_KEY_UISupportedInterfaceOrientations_iPhone = "UIInterfaceOrientationPortrait UIInterfaceOrientationLandscapeLeft UIInterfaceOrientationLandscapeRight";
				LD_RUNPATH_SEARCH_PATHS = (
					"$(inherited)",
					"@executable_path/Frameworks",
				);
				MARKETING_VERSION = 1.0;
				PRODUCT_BUNDLE_IDENTIFIER = "sophperepelit-gmail.com.AP-CompSci-Final";
				PRODUCT_NAME = "$(TARGET_NAME)";
				SWIFT_EMIT_LOC_STRINGS = YES;
				SWIFT_VERSION = 5.0;
				TARGETED_DEVICE_FAMILY = "1,2";
			};
			name = Debug;
		};
		2E8165FF29BB7F6800681A83 /* Release */ = {
			isa = XCBuildConfiguration;
			buildSettings = {
				ASSETCATALOG_COMPILER_APPICON_NAME = AppIcon;
				ASSETCATALOG_COMPILER_GLOBAL_ACCENT_COLOR_NAME = AccentColor;
				CODE_SIGN_STYLE = Automatic;
				CURRENT_PROJECT_VERSION = 1;
				DEVELOPMENT_ASSET_PATHS = "\"AP CompSci Final/Preview Content\"";
				ENABLE_PREVIEWS = YES;
				GENERATE_INFOPLIST_FILE = YES;
				INFOPLIST_KEY_UIApplicationSceneManifest_Generation = YES;
				INFOPLIST_KEY_UIApplicationSupportsIndirectInputEvents = YES;
				INFOPLIST_KEY_UILaunchScreen_Generation = YES;
				INFOPLIST_KEY_UISupportedInterfaceOrientations_iPad = "UIInterfaceOrientationPortrait UIInterfaceOrientationPortraitUpsideDown UIInterfaceOrientationLandscapeLeft UIInterfaceOrientationLandscapeRight";
				INFOPLIST_KEY_UISupportedInterfaceOrientations_iPhone = "UIInterfaceOrientationPortrait UIInterfaceOrientationLandscapeLeft UIInterfaceOrientationLandscapeRight";
				LD_RUNPATH_SEARCH_PATHS = (
					"$(inherited)",
					"@executable_path/Frameworks",
				);
				MARKETING_VERSION = 1.0;
				PRODUCT_BUNDLE_IDENTIFIER = "sophperepelit-gmail.com.AP-CompSci-Final";
				PRODUCT_NAME = "$(TARGET_NAME)";
				SWIFT_EMIT_LOC_STRINGS = YES;
				SWIFT_VERSION = 5.0;
				TARGETED_DEVICE_FAMILY = "1,2";
			};
			name = Release;
		};
		2E81660129BB7F6800681A83 /* Debug */ = {
			isa = XCBuildConfiguration;
			buildSettings = {
				ALWAYS_EMBED_SWIFT_STANDARD_LIBRARIES = YES;
				BUNDLE_LOADER = "$(TEST_HOST)";
				CODE_SIGN_STYLE = Automatic;
				CURRENT_PROJECT_VERSION = 1;
				GENERATE_INFOPLIST_FILE = YES;
				IPHONEOS_DEPLOYMENT_TARGET = 16.1;
				MARKETING_VERSION = 1.0;
				PRODUCT_BUNDLE_IDENTIFIER = "sophperepelit-gmail.com.AP-CompSci-FinalTests";
				PRODUCT_NAME = "$(TARGET_NAME)";
				SWIFT_EMIT_LOC_STRINGS = NO;
				SWIFT_VERSION = 5.0;
				TARGETED_DEVICE_FAMILY = "1,2";
				TEST_HOST = "$(BUILT_PRODUCTS_DIR)/AP CompSci Final.app/$(BUNDLE_EXECUTABLE_FOLDER_PATH)/AP CompSci Final";
			};
			name = Debug;
		};
		2E81660229BB7F6800681A83 /* Release */ = {
			isa = XCBuildConfiguration;
			buildSettings = {
				ALWAYS_EMBED_SWIFT_STANDARD_LIBRARIES = YES;
				BUNDLE_LOADER = "$(TEST_HOST)";
				CODE_SIGN_STYLE = Automatic;
				CURRENT_PROJECT_VERSION = 1;
				GENERATE_INFOPLIST_FILE = YES;
				IPHONEOS_DEPLOYMENT_TARGET = 16.1;
				MARKETING_VERSION = 1.0;
				PRODUCT_BUNDLE_IDENTIFIER = "sophperepelit-gmail.com.AP-CompSci-FinalTests";
				PRODUCT_NAME = "$(TARGET_NAME)";
				SWIFT_EMIT_LOC_STRINGS = NO;
				SWIFT_VERSION = 5.0;
				TARGETED_DEVICE_FAMILY = "1,2";
				TEST_HOST = "$(BUILT_PRODUCTS_DIR)/AP CompSci Final.app/$(BUNDLE_EXECUTABLE_FOLDER_PATH)/AP CompSci Final";
			};
			name = Release;
		};
		2E81660429BB7F6800681A83 /* Debug */ = {
			isa = XCBuildConfiguration;
			buildSettings = {
				ALWAYS_EMBED_SWIFT_STANDARD_LIBRARIES = YES;
				CODE_SIGN_STYLE = Automatic;
				CURRENT_PROJECT_VERSION = 1;
				GENERATE_INFOPLIST_FILE = YES;
				MARKETING_VERSION = 1.0;
				PRODUCT_BUNDLE_IDENTIFIER = "sophperepelit-gmail.com.AP-CompSci-FinalUITests";
				PRODUCT_NAME = "$(TARGET_NAME)";
				SWIFT_EMIT_LOC_STRINGS = NO;
				SWIFT_VERSION = 5.0;
				TARGETED_DEVICE_FAMILY = "1,2";
				TEST_TARGET_NAME = "AP CompSci Final";
			};
			name = Debug;
		};
		2E81660529BB7F6800681A83 /* Release */ = {
			isa = XCBuildConfiguration;
			buildSettings = {
				ALWAYS_EMBED_SWIFT_STANDARD_LIBRARIES = YES;
				CODE_SIGN_STYLE = Automatic;
				CURRENT_PROJECT_VERSION = 1;
				GENERATE_INFOPLIST_FILE = YES;
				MARKETING_VERSION = 1.0;
				PRODUCT_BUNDLE_IDENTIFIER = "sophperepelit-gmail.com.AP-CompSci-FinalUITests";
				PRODUCT_NAME = "$(TARGET_NAME)";
				SWIFT_EMIT_LOC_STRINGS = NO;
				SWIFT_VERSION = 5.0;
				TARGETED_DEVICE_FAMILY = "1,2";
				TEST_TARGET_NAME = "AP CompSci Final";
			};
			name = Release;
		};
/* End XCBuildConfiguration section */

/* Begin XCConfigurationList section */
		2E8165D429BB7F6500681A83 /* Build configuration list for PBXProject "AP CompSci Final" */ = {
			isa = XCConfigurationList;
			buildConfigurations = (
				2E8165FB29BB7F6800681A83 /* Debug */,
				2E8165FC29BB7F6800681A83 /* Release */,
			);
			defaultConfigurationIsVisible = 0;
			defaultConfigurationName = Release;
		};
		2E8165FD29BB7F6800681A83 /* Build configuration list for PBXNativeTarget "AP CompSci Final" */ = {
			isa = XCConfigurationList;
			buildConfigurations = (
				2E8165FE29BB7F6800681A83 /* Debug */,
				2E8165FF29BB7F6800681A83 /* Release */,
			);
			defaultConfigurationIsVisible = 0;
			defaultConfigurationName = Release;
		};
		2E81660029BB7F6800681A83 /* Build configuration list for PBXNativeTarget "AP CompSci FinalTests" */ = {
			isa = XCConfigurationList;
			buildConfigurations = (
				2E81660129BB7F6800681A83 /* Debug */,
				2E81660229BB7F6800681A83 /* Release */,
			);
			defaultConfigurationIsVisible = 0;
			defaultConfigurationName = Release;
		};
		2E81660329BB7F6800681A83 /* Build configuration list for PBXNativeTarget "AP CompSci FinalUITests" */ = {
			isa = XCConfigurationList;
			buildConfigurations = (
				2E81660429BB7F6800681A83 /* Debug */,
				2E81660529BB7F6800681A83 /* Release */,
			);
			defaultConfigurationIsVisible = 0;
			defaultConfigurationName = Release;
		};
/* End XCConfigurationList section */
	};
	rootObject = 2E8165D129BB7F6500681A83 /* Project object */;
}
